PODS:
  - JitsiMeetSDKLite (9.2.2-lite):
    - JitsiWebRTC (~> 118.0)
  - JitsiWebRTC (118.0.0)
  - MaterialComponents/AnimationTiming (123.0.0)
  - MaterialComponents/Availability (123.0.0)
  - MaterialComponents/Buttons (123.0.0):
    - MaterialComponents/Elevation
    - MaterialComponents/Ink
    - MaterialComponents/private/Math
    - MaterialComponents/Ripple
    - MaterialComponents/ShadowElevations
    - MaterialComponents/ShadowLayer
    - MaterialComponents/ShapeLibrary
    - MaterialComponents/Shapes
    - MaterialComponents/Typography
    - MDFInternationalization
    - MDFTextAccessibility
  - MaterialComponents/Elevation (123.0.0):
    - MaterialComponents/Availability
    - MaterialComponents/private/Color
    - MaterialComponents/private/Math
  - MaterialComponents/Ink (123.0.0):
    - MaterialComponents/Availability
    - MaterialComponents/private/Color
    - MaterialComponents/private/Math
  - MaterialComponents/Palettes (123.0.0)
  - MaterialComponents/private/Application (123.0.0)
  - MaterialComponents/private/Color (123.0.0):
    - MaterialComponents/Availability
  - MaterialComponents/private/Math (123.0.0)
  - MaterialComponents/Ripple (123.0.0):
    - MaterialComponents/AnimationTiming
    - MaterialComponents/Availability
    - MaterialComponents/private/Color
    - MaterialComponents/private/Math
  - MaterialComponents/ShadowElevations (123.0.0)
  - MaterialComponents/ShadowLayer (123.0.0):
    - MaterialComponents/ShadowElevations
  - MaterialComponents/ShapeLibrary (123.0.0):
    - MaterialComponents/private/Math
    - MaterialComponents/Shapes
  - MaterialComponents/Shapes (123.0.0):
    - MaterialComponents/private/Color
    - MaterialComponents/private/Math
    - MaterialComponents/ShadowLayer
  - MaterialComponents/TextFields (123.0.0):
    - MaterialComponents/AnimationTiming
    - MaterialComponents/Buttons
    - MaterialComponents/Elevation
    - MaterialComponents/Palettes
    - MaterialComponents/private/Math
    - MaterialComponents/Typography
    - MDFInternationalization
  - MaterialComponents/Typography (123.0.0):
    - MaterialComponents/private/Application
    - MaterialComponents/private/Math
    - MDFTextAccessibility
  - MDFInternationalization (3.0.0)
  - MDFTextAccessibility (2.0.1)

DEPENDENCIES:
  - JitsiMeetSDKLite (= 9.2.2-lite)
  - MaterialComponents/TextFields (= 123.0.0)

SPEC REPOS:
  trunk:
    - JitsiMeetSDKLite
    - JitsiWebRTC
    - MaterialComponents
    - MDFInternationalization
    - MDFTextAccessibility

SPEC CHECKSUMS:
  JitsiMeetSDKLite: 02886ad69a53f3370376ee7c2d26331c7b10fcf8
  JitsiWebRTC: 3a41671ef65a51d7204323814b055a2690b921c7
  MaterialComponents: 7a40e33dc8726359d12e667b74a4007d87e4abd4
  MDFInternationalization: d697c55307816222a55685c4ccb1044ffb030c12
  MDFTextAccessibility: f4bb4cc2194286651b59a215fdeaa0e05dc90ba5

PODFILE CHECKSUM: bcabed7f409b09798c768edf484ce2b466e60fe0

COCOAPODS: 1.14.3
