PODS:
  - JitsiMeetSDKLite (10.0.1-lite):
    - JitsiWebRTC (~> 124.0)
  - JitsiWebRTC (124.0.0)
  - MaterialComponents/AnimationTiming (123.0.0)
  - MaterialComponents/Availability (123.0.0)
  - MaterialComponents/Buttons (123.0.0):
    - MaterialComponents/Elevation
    - MaterialComponents/Ink
    - MaterialComponents/private/Math
    - MaterialComponents/Ripple
    - MaterialComponents/ShadowElevations
    - MaterialComponents/ShadowLayer
    - MaterialComponents/ShapeLibrary
    - MaterialComponents/Shapes
    - MaterialComponents/Typography
    - MDFInternationalization
    - MDFTextAccessibility
  - MaterialComponents/Elevation (123.0.0):
    - MaterialComponents/Availability
    - MaterialComponents/private/Color
    - MaterialComponents/private/Math
  - MaterialComponents/Ink (123.0.0):
    - MaterialComponents/Availability
    - MaterialComponents/private/Color
    - MaterialComponents/private/Math
  - MaterialComponents/Palettes (123.0.0)
  - MaterialComponents/private/Application (123.0.0)
  - MaterialComponents/private/Color (123.0.0):
    - MaterialComponents/Availability
  - MaterialComponents/private/Math (123.0.0)
  - MaterialComponents/Ripple (123.0.0):
    - MaterialComponents/AnimationTiming
    - MaterialComponents/Availability
    - MaterialComponents/private/Color
    - MaterialComponents/private/Math
  - MaterialComponents/ShadowElevations (123.0.0)
  - MaterialComponents/ShadowLayer (123.0.0):
    - MaterialComponents/ShadowElevations
  - MaterialComponents/ShapeLibrary (123.0.0):
    - MaterialComponents/private/Math
    - MaterialComponents/Shapes
  - MaterialComponents/Shapes (123.0.0):
    - MaterialComponents/private/Color
    - MaterialComponents/private/Math
    - MaterialComponents/ShadowLayer
  - MaterialComponents/TextFields (123.0.0):
    - MaterialComponents/AnimationTiming
    - MaterialComponents/Buttons
    - MaterialComponents/Elevation
    - MaterialComponents/Palettes
    - MaterialComponents/private/Math
    - MaterialComponents/Typography
    - MDFInternationalization
  - MaterialComponents/Typography (123.0.0):
    - MaterialComponents/private/Application
    - MaterialComponents/private/Math
    - MDFTextAccessibility
  - MDFInternationalization (3.0.0)
  - MDFTextAccessibility (2.0.1)

DEPENDENCIES:
  - JitsiMeetSDKLite (= 10.0.1-lite)
  - MaterialComponents/TextFields (= 123.0.0)

SPEC REPOS:
  trunk:
    - JitsiMeetSDKLite
    - JitsiWebRTC
    - MaterialComponents
    - MDFInternationalization
    - MDFTextAccessibility

SPEC CHECKSUMS:
  JitsiMeetSDKLite: 2d03ae27519b27a1db86ccfd98b67836da5c3a71
  JitsiWebRTC: 37fb2fb70d42cac58c06948527a5f9e1b3f50812
  MaterialComponents: 7a40e33dc8726359d12e667b74a4007d87e4abd4
  MDFInternationalization: d697c55307816222a55685c4ccb1044ffb030c12
  MDFTextAccessibility: f4bb4cc2194286651b59a215fdeaa0e05dc90ba5

PODFILE CHECKSUM: fb118fe887d2bb013c12a13a9c05d6a0ecbdaa9b

COCOAPODS: 1.15.2
