// !$*UTF8*$!
{
	archiveVersion = 1;
	classes = {
	};
	objectVersion = 70;
	objects = {

/* Begin PBXBuildFile section */
		378305732C088CEA008D25E4 /* Assets.xcassets in Resources */ = {isa = PBXBuildFile; fileRef = 378305722C088CEA008D25E4 /* Assets.xcassets */; };
		3783057C2C088CEA008D25E4 /* MeetInfomaniakAppClip.app in Embed App Clips */ = {isa = PBXBuildFile; fileRef = 378305672C088CE8008D25E4 /* MeetInfomaniakAppClip.app */; settings = {ATTRIBUTES = (RemoveHeadersOnCopy, ); }; };
		37A1F864304EEB6500E7FB3D /* JitsiMeetSDK in Frameworks */ = {isa = PBXBuildFile; productRef = 37A1F863304EEB6500E7FB3D /* JitsiMeetSDK */; };
		37A1F867304EEB6E00E7FB3D /* JitsiMeetSDK in Frameworks */ = {isa = PBXBuildFile; productRef = 37A1F866304EEB6E00E7FB3D /* JitsiMeetSDK */; };
/* End PBXBuildFile section */

/* Begin PBXContainerItemProxy section */
		378305792C088CEA008D25E4 /* PBXContainerItemProxy */ = {
			isa = PBXContainerItemProxy;
			containerPortal = 37FF734C2434850A003FC067 /* Project object */;
			proxyType = 1;
			remoteGlobalIDString = 378305662C088CE8008D25E4;
			remoteInfo = MeetInfomaniakAppClip;
		};
/* End PBXContainerItemProxy section */

/* Begin PBXCopyFilesBuildPhase section */
		3783057B2C088CEA008D25E4 /* Embed App Clips */ = {
			isa = PBXCopyFilesBuildPhase;
			buildActionMask = 2147483647;
			dstPath = "$(CONTENTS_FOLDER_PATH)/AppClips";
			dstSubfolderSpec = 16;
			files = (
				3783057C2C088CEA008D25E4 /* MeetInfomaniakAppClip.app in Embed App Clips */,
			);
			name = "Embed App Clips";
			runOnlyForDeploymentPostprocessing = 0;
		};
/* End PBXCopyFilesBuildPhase section */

/* Begin PBXFileReference section */
		378305672C088CE8008D25E4 /* MeetInfomaniakAppClip.app */ = {isa = PBXFileReference; explicitFileType = wrapper.application; includeInIndex = 0; path = MeetInfomaniakAppClip.app; sourceTree = BUILT_PRODUCTS_DIR; };
		378305722C088CEA008D25E4 /* Assets.xcassets */ = {isa = PBXFileReference; lastKnownFileType = folder.assetcatalog; path = Assets.xcassets; sourceTree = "<group>"; };
		378305772C088CEA008D25E4 /* Info.plist */ = {isa = PBXFileReference; lastKnownFileType = text.plist.xml; path = Info.plist; sourceTree = "<group>"; };
		378305782C088CEA008D25E4 /* MeetInfomaniakAppClip.entitlements */ = {isa = PBXFileReference; lastKnownFileType = text.plist.entitlements; path = MeetInfomaniakAppClip.entitlements; sourceTree = "<group>"; };
		37FF73542434850A003FC067 /* kMeet.app */ = {isa = PBXFileReference; explicitFileType = wrapper.application; includeInIndex = 0; path = kMeet.app; sourceTree = BUILT_PRODUCTS_DIR; };
/* End PBXFileReference section */

/* Begin PBXFileSystemSynchronizedBuildFileExceptionSet section */
		37A1F5CF304EE76000E7FB3D /* PBXFileSystemSynchronizedBuildFileExceptionSet */ = {
			isa = PBXFileSystemSynchronizedBuildFileExceptionSet;
			membershipExceptions = (
				Info.plist,
			);
			target = 37FF73532434850A003FC067 /* MeetInfomaniak */;
		};
		37A1F5D0304EE76000E7FB3D /* PBXFileSystemSynchronizedBuildFileExceptionSet */ = {
			isa = PBXFileSystemSynchronizedBuildFileExceptionSet;
			membershipExceptions = (
				Info.plist,
			);
			target = 378305662C088CE8008D25E4 /* MeetInfomaniakAppClip */;
		};
/* End PBXFileSystemSynchronizedBuildFileExceptionSet section */

/* Begin PBXFileSystemSynchronizedRootGroup section */
		37A1F587304EE74C00E7FB3D /* Extensions */ = {isa = PBXFileSystemSynchronizedRootGroup; explicitFileTypes = {}; explicitFolders = (); path = Extensions; sourceTree = "<group>"; };
		37A1F596304EE75300E7FB3D /* Controllers */ = {isa = PBXFileSystemSynchronizedRootGroup; explicitFileTypes = {}; explicitFolders = (); path = Controllers; sourceTree = "<group>"; };
		37A1F5A2304EE75700E7FB3D /* Networking */ = {isa = PBXFileSystemSynchronizedRootGroup; explicitFileTypes = {}; explicitFolders = (); path = Networking; sourceTree = "<group>"; };
		37A1F5BE304EE75F00E7FB3D /* Resources */ = {isa = PBXFileSystemSynchronizedRootGroup; exceptions = (37A1F5CF304EE76000E7FB3D /* PBXFileSystemSynchronizedBuildFileExceptionSet */, 37A1F5D0304EE76000E7FB3D /* PBXFileSystemSynchronizedBuildFileExceptionSet */, ); explicitFileTypes = {}; explicitFolders = (); path = Resources; sourceTree = "<group>"; };
/* End PBXFileSystemSynchronizedRootGroup section */

/* Begin PBXFrameworksBuildPhase section */
		378305642C088CE8008D25E4 /* Frameworks */ = {
			isa = PBXFrameworksBuildPhase;
			buildActionMask = 2147483647;
			files = (
				37A1F867304EEB6E00E7FB3D /* JitsiMeetSDK in Frameworks */,
			);
			runOnlyForDeploymentPostprocessing = 0;
		};
		37FF73512434850A003FC067 /* Frameworks */ = {
			isa = PBXFrameworksBuildPhase;
			buildActionMask = 2147483647;
			files = (
				37A1F864304EEB6500E7FB3D /* JitsiMeetSDK in Frameworks */,
			);
			runOnlyForDeploymentPostprocessing = 0;
		};
/* End PBXFrameworksBuildPhase section */

/* Begin PBXGroup section */
		378305682C088CE8008D25E4 /* MeetInfomaniakAppClip */ = {
			isa = PBXGroup;
			children = (
				378305722C088CEA008D25E4 /* Assets.xcassets */,
				378305772C088CEA008D25E4 /* Info.plist */,
				378305782C088CEA008D25E4 /* MeetInfomaniakAppClip.entitlements */,
			);
			path = MeetInfomaniakAppClip;
			sourceTree = "<group>";
		};
		37A1F865304EEB6E00E7FB3D /* Frameworks */ = {
			isa = PBXGroup;
			children = (
			);
			name = Frameworks;
			sourceTree = "<group>";
		};
		37FF734B2434850A003FC067 = {
			isa = PBXGroup;
			children = (
				37FF73562434850A003FC067 /* MeetInfomaniak */,
				378305682C088CE8008D25E4 /* MeetInfomaniakAppClip */,
				37A1F865304EEB6E00E7FB3D /* Frameworks */,
				37FF73552434850A003FC067 /* Products */,
			);
			sourceTree = "<group>";
		};
		37FF73552434850A003FC067 /* Products */ = {
			isa = PBXGroup;
			children = (
				37FF73542434850A003FC067 /* kMeet.app */,
				378305672C088CE8008D25E4 /* MeetInfomaniakAppClip.app */,
			);
			name = Products;
			sourceTree = "<group>";
		};
		37FF73562434850A003FC067 /* MeetInfomaniak */ = {
			isa = PBXGroup;
			children = (
				37A1F587304EE74C00E7FB3D /* Extensions */,
				37A1F5BE304EE75F00E7FB3D /* Resources */,
				37A1F596304EE75300E7FB3D /* Controllers */,
				37A1F5A2304EE75700E7FB3D /* Networking */,
			);
			path = MeetInfomaniak;
			sourceTree = "<group>";
		};
/* End PBXGroup section */

/* Begin PBXNativeTarget section */
		378305662C088CE8008D25E4 /* MeetInfomaniakAppClip */ = {
			isa = PBXNativeTarget;
			buildConfigurationList = 3783057D2C088CEA008D25E4 /* Build configuration list for PBXNativeTarget "MeetInfomaniakAppClip" */;
			buildPhases = (
				378305632C088CE8008D25E4 /* Sources */,
				378305642C088CE8008D25E4 /* Frameworks */,
				378305652C088CE8008D25E4 /* Resources */,
				378305922C0891C0008D25E4 /* ShellScript */,
			);
			buildRules = (
			);
			dependencies = (
			);
			fileSystemSynchronizedGroups = (
				37A1F587304EE74C00E7FB3D /* Extensions */,
				37A1F596304EE75300E7FB3D /* Controllers */,
				37A1F5A2304EE75700E7FB3D /* Networking */,
				37A1F5BE304EE75F00E7FB3D /* Resources */,
			);
			name = MeetInfomaniakAppClip;
			packageProductDependencies = (
				37A1F866304EEB6E00E7FB3D /* JitsiMeetSDK */,
			);
			productName = MeetInfomaniakAppClip;
			productReference = 378305672C088CE8008D25E4 /* MeetInfomaniakAppClip.app */;
			productType = "com.apple.product-type.application.on-demand-install-capable";
		};
		37FF73532434850A003FC067 /* MeetInfomaniak */ = {
			isa = PBXNativeTarget;
			buildConfigurationList = 37FF73682434850C003FC067 /* Build configuration list for PBXNativeTarget "MeetInfomaniak" */;
			buildPhases = (
				37FF73502434850A003FC067 /* Sources */,
				37FF73512434850A003FC067 /* Frameworks */,
				37FF73522434850A003FC067 /* Resources */,
				378305622C087F8C008D25E4 /* ShellScript */,
				3783057B2C088CEA008D25E4 /* Embed App Clips */,
			);
			buildRules = (
			);
			dependencies = (
				3783057A2C088CEA008D25E4 /* PBXTargetDependency */,
			);
			fileSystemSynchronizedGroups = (
				37A1F587304EE74C00E7FB3D /* Extensions */,
				37A1F596304EE75300E7FB3D /* Controllers */,
				37A1F5A2304EE75700E7FB3D /* Networking */,
				37A1F5BE304EE75F00E7FB3D /* Resources */,
			);
			name = MeetInfomaniak;
			packageProductDependencies = (
				37A1F863304EEB6500E7FB3D /* JitsiMeetSDK */,
			);
			productName = MeetInfomaniak;
			productReference = 37FF73542434850A003FC067 /* kMeet.app */;
			productType = "com.apple.product-type.application";
		};
/* End PBXNativeTarget section */

/* Begin PBXProject section */
		37FF734C2434850A003FC067 /* Project object */ = {
			isa = PBXProject;
			attributes = {
				LastSwiftUpdateCheck = 1540;
				LastUpgradeCheck = 1250;
				ORGANIZATIONNAME = "Philippe Weidmann";
				TargetAttributes = {
					378305662C088CE8008D25E4 = {
						CreatedOnToolsVersion = 15.4;
					};
					37FF73532434850A003FC067 = {
						CreatedOnToolsVersion = 11.3.1;
					};
				};
			};
			buildConfigurationList = 37FF734F2434850A003FC067 /* Build configuration list for PBXProject "MeetInfomaniak" */;
			compatibilityVersion = "Xcode 9.3";
			developmentRegion = en;
			hasScannedForEncodings = 0;
			knownRegions = (
				en,
				Base,
				fr,
				de,
				es,
				it,
			);
			mainGroup = 37FF734B2434850A003FC067;
			packageReferences = (
				37A1F862304EEB6500E7FB3D /* XCRemoteSwiftPackageReference "jitsi-meet-ios-sdk-releases" */,
				37A1F868304EEB6E00E7FB3D /* XCRemoteSwiftPackageReference "giphy-ios-sdk" */,
			);
			productRefGroup = 37FF73552434850A003FC067 /* Products */;
			projectDirPath = "";
			projectRoot = "";
			targets = (
				37FF73532434850A003FC067 /* MeetInfomaniak */,
				378305662C088CE8008D25E4 /* MeetInfomaniakAppClip */,
			);
		};
/* End PBXProject section */

/* Begin PBXResourcesBuildPhase section */
		378305652C088CE8008D25E4 /* Resources */ = {
			isa = PBXResourcesBuildPhase;
			buildActionMask = 2147483647;
			files = (
				378305732C088CEA008D25E4 /* Assets.xcassets in Resources */,
			);
			runOnlyForDeploymentPostprocessing = 0;
		};
		37FF73522434850A003FC067 /* Resources */ = {
			isa = PBXResourcesBuildPhase;
			buildActionMask = 2147483647;
			files = (
			);
			runOnlyForDeploymentPostprocessing = 0;
		};
/* End PBXResourcesBuildPhase section */

/* Begin PBXShellScriptBuildPhase section */
		378305622C087F8C008D25E4 /* ShellScript */ = {
			isa = PBXShellScriptBuildPhase;
			buildActionMask = 2147483647;
			files = (
			);
			inputFileListPaths = (
			);
			inputPaths = (
			);
			outputFileListPaths = (
			);
			outputPaths = (
			);
			runOnlyForDeploymentPostprocessing = 0;
			shellPath = /bin/sh;
			shellScript = "#!/bin/bash\nset -e\n\n# if [ \"Release\" = \"${CONFIGURATION}\" ]; then # Only do this for release builds\n    \n    # Path to the app directory\n    APP_DIR_PATH=\"${BUILT_PRODUCTS_DIR}/${EXECUTABLE_FOLDER_PATH}\"\n    # Strip main binary only. Swift Package Manager frameworks keep their symbols.\n    strip -rSTx \"${APP_DIR_PATH}/${EXECUTABLE_NAME}\"\n# fi\n";
		};
		378305922C0891C0008D25E4 /* ShellScript */ = {
			isa = PBXShellScriptBuildPhase;
			buildActionMask = 2147483647;
			files = (
			);
			inputFileListPaths = (
			);
			inputPaths = (
			);
			outputFileListPaths = (
			);
			outputPaths = (
			);
			runOnlyForDeploymentPostprocessing = 0;
			shellPath = /bin/sh;
			shellScript = "#!/bin/bash\nset -e\n\n# if [ \"Release\" = \"${CONFIGURATION}\" ]; then # Only do this for release builds\n    \n    # Path to the app directory\n    APP_DIR_PATH=\"${BUILT_PRODUCTS_DIR}/${EXECUTABLE_FOLDER_PATH}\"\n    # Strip main binary only. Swift Package Manager frameworks keep their symbols.\n    strip -rSTx \"${APP_DIR_PATH}/${EXECUTABLE_NAME}\"\n# fi\n";
		};
/* End PBXShellScriptBuildPhase section */

/* Begin PBXSourcesBuildPhase section */
		378305632C088CE8008D25E4 /* Sources */ = {
			isa = PBXSourcesBuildPhase;
			buildActionMask = 2147483647;
			files = (
			);
			runOnlyForDeploymentPostprocessing = 0;
		};
		37FF73502434850A003FC067 /* Sources */ = {
			isa = PBXSourcesBuildPhase;
			buildActionMask = 2147483647;
			files = (
			);
			runOnlyForDeploymentPostprocessing = 0;
		};
/* End PBXSourcesBuildPhase section */

/* Begin PBXTargetDependency section */
		3783057A2C088CEA008D25E4 /* PBXTargetDependency */ = {
			isa = PBXTargetDependency;
			target = 378305662C088CE8008D25E4 /* MeetInfomaniakAppClip */;
			targetProxy = 378305792C088CEA008D25E4 /* PBXContainerItemProxy */;
		};
/* End PBXTargetDependency section */

/* Begin XCBuildConfiguration section */
		3783057E2C088CEA008D25E4 /* Debug */ = {
			isa = XCBuildConfiguration;
			buildSettings = {
				ASSETCATALOG_COMPILER_APPICON_NAME = AppIcon;
				ASSETCATALOG_COMPILER_GENERATE_SWIFT_ASSET_SYMBOL_EXTENSIONS = YES;
				ASSETCATALOG_COMPILER_GLOBAL_ACCENT_COLOR_NAME = AccentColor;
				CLANG_CXX_LANGUAGE_STANDARD = "gnu++20";
				CODE_SIGN_ENTITLEMENTS = MeetInfomaniakAppClip/MeetInfomaniakAppClip.entitlements;
				CODE_SIGN_STYLE = Automatic;
				CURRENT_PROJECT_VERSION = 1;
				DEVELOPMENT_TEAM = 864VDCS2QY;
				ENABLE_USER_SCRIPT_SANDBOXING = NO;
				GCC_C_LANGUAGE_STANDARD = gnu17;
				GENERATE_INFOPLIST_FILE = YES;
				INFOPLIST_FILE = MeetInfomaniakAppClip/Info.plist;
				INFOPLIST_KEY_CFBundleDisplayName = kMeet;
				INFOPLIST_KEY_LSApplicationCategoryType = "public.app-category.social-networking";
				INFOPLIST_KEY_NSCalendarsUsageDescription = "We need access to your calendar to schedule meetings";
				INFOPLIST_KEY_NSCameraUsageDescription = "We need camera access for video chat";
				INFOPLIST_KEY_NSMicrophoneUsageDescription = "We need microphone access for voice chat";
				INFOPLIST_KEY_UIApplicationSupportsIndirectInputEvents = YES;
				INFOPLIST_KEY_UILaunchStoryboardName = LaunchScreen;
				INFOPLIST_KEY_UIMainStoryboardFile = Main;
				INFOPLIST_KEY_UISupportedInterfaceOrientations_iPad = "UIInterfaceOrientationPortrait UIInterfaceOrientationPortraitUpsideDown UIInterfaceOrientationLandscapeLeft UIInterfaceOrientationLandscapeRight";
				INFOPLIST_KEY_UISupportedInterfaceOrientations_iPhone = "UIInterfaceOrientationPortrait UIInterfaceOrientationLandscapeLeft UIInterfaceOrientationLandscapeRight";
				IPHONEOS_DEPLOYMENT_TARGET = 17.0;
				LD_RUNPATH_SEARCH_PATHS = (
					"$(inherited)",
					"@executable_path/Frameworks",
				);
				LOCALIZATION_PREFERS_STRING_CATALOGS = YES;
				MARKETING_VERSION = 2.9.0;
				PRODUCT_BUNDLE_IDENTIFIER = com.infomaniak.meet.Clip;
				PRODUCT_NAME = "$(TARGET_NAME)";
				SWIFT_ACTIVE_COMPILATION_CONDITIONS = "DEBUG $(inherited)";
				SWIFT_EMIT_LOC_STRINGS = YES;
				SWIFT_VERSION = 5.0;
				TARGETED_DEVICE_FAMILY = "1,2";
			};
			name = Debug;
		};
		3783057F2C088CEA008D25E4 /* Release */ = {
			isa = XCBuildConfiguration;
			buildSettings = {
				ASSETCATALOG_COMPILER_APPICON_NAME = AppIcon;
				ASSETCATALOG_COMPILER_GENERATE_SWIFT_ASSET_SYMBOL_EXTENSIONS = YES;
				ASSETCATALOG_COMPILER_GLOBAL_ACCENT_COLOR_NAME = AccentColor;
				CLANG_CXX_LANGUAGE_STANDARD = "gnu++20";
				CODE_SIGN_ENTITLEMENTS = MeetInfomaniakAppClip/MeetInfomaniakAppClip.entitlements;
				CODE_SIGN_STYLE = Automatic;
				CURRENT_PROJECT_VERSION = 1;
				DEVELOPMENT_TEAM = 864VDCS2QY;
				ENABLE_USER_SCRIPT_SANDBOXING = NO;
				GCC_C_LANGUAGE_STANDARD = gnu17;
				GENERATE_INFOPLIST_FILE = YES;
				INFOPLIST_FILE = MeetInfomaniakAppClip/Info.plist;
				INFOPLIST_KEY_CFBundleDisplayName = kMeet;
				INFOPLIST_KEY_LSApplicationCategoryType = "public.app-category.social-networking";
				INFOPLIST_KEY_NSCalendarsUsageDescription = "We need access to your calendar to schedule meetings";
				INFOPLIST_KEY_NSCameraUsageDescription = "We need camera access for video chat";
				INFOPLIST_KEY_NSMicrophoneUsageDescription = "We need microphone access for voice chat";
				INFOPLIST_KEY_UIApplicationSupportsIndirectInputEvents = YES;
				INFOPLIST_KEY_UILaunchStoryboardName = LaunchScreen;
				INFOPLIST_KEY_UIMainStoryboardFile = Main;
				INFOPLIST_KEY_UISupportedInterfaceOrientations_iPad = "UIInterfaceOrientationPortrait UIInterfaceOrientationPortraitUpsideDown UIInterfaceOrientationLandscapeLeft UIInterfaceOrientationLandscapeRight";
				INFOPLIST_KEY_UISupportedInterfaceOrientations_iPhone = "UIInterfaceOrientationPortrait UIInterfaceOrientationLandscapeLeft UIInterfaceOrientationLandscapeRight";
				IPHONEOS_DEPLOYMENT_TARGET = 17.0;
				LD_RUNPATH_SEARCH_PATHS = (
					"$(inherited)",
					"@executable_path/Frameworks",
				);
				LOCALIZATION_PREFERS_STRING_CATALOGS = YES;
				MARKETING_VERSION = 2.9.0;
				PRODUCT_BUNDLE_IDENTIFIER = com.infomaniak.meet.Clip;
				PRODUCT_NAME = "$(TARGET_NAME)";
				SWIFT_EMIT_LOC_STRINGS = YES;
				SWIFT_VERSION = 5.0;
				TARGETED_DEVICE_FAMILY = "1,2";
			};
			name = Release;
		};
		37FF73662434850C003FC067 /* Debug */ = {
			isa = XCBuildConfiguration;
			buildSettings = {
				ALWAYS_EMBED_SWIFT_STANDARD_LIBRARIES = YES;
				ALWAYS_SEARCH_USER_PATHS = NO;
				CLANG_ANALYZER_LOCALIZABILITY_NONLOCALIZED = YES;
				CLANG_ANALYZER_NONNULL = YES;
				CLANG_ANALYZER_NUMBER_OBJECT_CONVERSION = YES_AGGRESSIVE;
				CLANG_CXX_LANGUAGE_STANDARD = "gnu++14";
				CLANG_CXX_LIBRARY = "libc++";
				CLANG_ENABLE_MODULES = YES;
				CLANG_ENABLE_OBJC_ARC = YES;
				CLANG_ENABLE_OBJC_WEAK = YES;
				CLANG_WARN_BLOCK_CAPTURE_AUTORELEASING = YES;
				CLANG_WARN_BOOL_CONVERSION = YES;
				CLANG_WARN_COMMA = YES;
				CLANG_WARN_CONSTANT_CONVERSION = YES;
				CLANG_WARN_DEPRECATED_OBJC_IMPLEMENTATIONS = YES;
				CLANG_WARN_DIRECT_OBJC_ISA_USAGE = YES_ERROR;
				CLANG_WARN_DOCUMENTATION_COMMENTS = YES;
				CLANG_WARN_EMPTY_BODY = YES;
				CLANG_WARN_ENUM_CONVERSION = YES;
				CLANG_WARN_INFINITE_RECURSION = YES;
				CLANG_WARN_INT_CONVERSION = YES;
				CLANG_WARN_NON_LITERAL_NULL_CONVERSION = YES;
				CLANG_WARN_OBJC_IMPLICIT_RETAIN_SELF = YES;
				CLANG_WARN_OBJC_LITERAL_CONVERSION = YES;
				CLANG_WARN_OBJC_ROOT_CLASS = YES_ERROR;
				CLANG_WARN_QUOTED_INCLUDE_IN_FRAMEWORK_HEADER = YES;
				CLANG_WARN_RANGE_LOOP_ANALYSIS = YES;
				CLANG_WARN_STRICT_PROTOTYPES = YES;
				CLANG_WARN_SUSPICIOUS_MOVE = YES;
				CLANG_WARN_UNGUARDED_AVAILABILITY = YES_AGGRESSIVE;
				CLANG_WARN_UNREACHABLE_CODE = YES;
				CLANG_WARN__DUPLICATE_METHOD_MATCH = YES;
				COPY_PHASE_STRIP = NO;
				DEBUG_INFORMATION_FORMAT = dwarf;
				ENABLE_STRICT_OBJC_MSGSEND = YES;
				ENABLE_TESTABILITY = YES;
				GCC_C_LANGUAGE_STANDARD = gnu11;
				GCC_DYNAMIC_NO_PIC = NO;
				GCC_NO_COMMON_BLOCKS = YES;
				GCC_OPTIMIZATION_LEVEL = 0;
				GCC_PREPROCESSOR_DEFINITIONS = (
					"DEBUG=1",
					"$(inherited)",
				);
				GCC_WARN_64_TO_32_BIT_CONVERSION = YES;
				GCC_WARN_ABOUT_RETURN_TYPE = YES_ERROR;
				GCC_WARN_UNDECLARED_SELECTOR = YES;
				GCC_WARN_UNINITIALIZED_AUTOS = YES_AGGRESSIVE;
				GCC_WARN_UNUSED_FUNCTION = YES;
				GCC_WARN_UNUSED_VARIABLE = YES;
				IPHONEOS_DEPLOYMENT_TARGET = 13.4;
				MTL_ENABLE_DEBUG_INFO = INCLUDE_SOURCE;
				MTL_FAST_MATH = YES;
				ONLY_ACTIVE_ARCH = YES;
				SDKROOT = iphoneos;
				SWIFT_ACTIVE_COMPILATION_CONDITIONS = DEBUG;
				SWIFT_OPTIMIZATION_LEVEL = "-Onone";
			};
			name = Debug;
		};
		37FF73672434850C003FC067 /* Release */ = {
			isa = XCBuildConfiguration;
			buildSettings = {
				ALWAYS_EMBED_SWIFT_STANDARD_LIBRARIES = YES;
				ALWAYS_SEARCH_USER_PATHS = NO;
				CLANG_ANALYZER_LOCALIZABILITY_NONLOCALIZED = YES;
				CLANG_ANALYZER_NONNULL = YES;
				CLANG_ANALYZER_NUMBER_OBJECT_CONVERSION = YES_AGGRESSIVE;
				CLANG_CXX_LANGUAGE_STANDARD = "gnu++14";
				CLANG_CXX_LIBRARY = "libc++";
				CLANG_ENABLE_MODULES = YES;
				CLANG_ENABLE_OBJC_ARC = YES;
				CLANG_ENABLE_OBJC_WEAK = YES;
				CLANG_WARN_BLOCK_CAPTURE_AUTORELEASING = YES;
				CLANG_WARN_BOOL_CONVERSION = YES;
				CLANG_WARN_COMMA = YES;
				CLANG_WARN_CONSTANT_CONVERSION = YES;
				CLANG_WARN_DEPRECATED_OBJC_IMPLEMENTATIONS = YES;
				CLANG_WARN_DIRECT_OBJC_ISA_USAGE = YES_ERROR;
				CLANG_WARN_DOCUMENTATION_COMMENTS = YES;
				CLANG_WARN_EMPTY_BODY = YES;
				CLANG_WARN_ENUM_CONVERSION = YES;
				CLANG_WARN_INFINITE_RECURSION = YES;
				CLANG_WARN_INT_CONVERSION = YES;
				CLANG_WARN_NON_LITERAL_NULL_CONVERSION = YES;
				CLANG_WARN_OBJC_IMPLICIT_RETAIN_SELF = YES;
				CLANG_WARN_OBJC_LITERAL_CONVERSION = YES;
				CLANG_WARN_OBJC_ROOT_CLASS = YES_ERROR;
				CLANG_WARN_QUOTED_INCLUDE_IN_FRAMEWORK_HEADER = YES;
				CLANG_WARN_RANGE_LOOP_ANALYSIS = YES;
				CLANG_WARN_STRICT_PROTOTYPES = YES;
				CLANG_WARN_SUSPICIOUS_MOVE = YES;
				CLANG_WARN_UNGUARDED_AVAILABILITY = YES_AGGRESSIVE;
				CLANG_WARN_UNREACHABLE_CODE = YES;
				CLANG_WARN__DUPLICATE_METHOD_MATCH = YES;
				COPY_PHASE_STRIP = NO;
				DEBUG_INFORMATION_FORMAT = "dwarf-with-dsym";
				ENABLE_NS_ASSERTIONS = NO;
				ENABLE_STRICT_OBJC_MSGSEND = YES;
				GCC_C_LANGUAGE_STANDARD = gnu11;
				GCC_NO_COMMON_BLOCKS = YES;
				GCC_WARN_64_TO_32_BIT_CONVERSION = YES;
				GCC_WARN_ABOUT_RETURN_TYPE = YES_ERROR;
				GCC_WARN_UNDECLARED_SELECTOR = YES;
				GCC_WARN_UNINITIALIZED_AUTOS = YES_AGGRESSIVE;
				GCC_WARN_UNUSED_FUNCTION = YES;
				GCC_WARN_UNUSED_VARIABLE = YES;
				IPHONEOS_DEPLOYMENT_TARGET = 13.4;
				MTL_ENABLE_DEBUG_INFO = NO;
				MTL_FAST_MATH = YES;
				SDKROOT = iphoneos;
				SWIFT_COMPILATION_MODE = wholemodule;
				SWIFT_OPTIMIZATION_LEVEL = "-O";
				VALIDATE_PRODUCT = YES;
			};
			name = Release;
		};
		37FF73692434850C003FC067 /* Debug */ = {
			isa = XCBuildConfiguration;
			buildSettings = {
				ALWAYS_EMBED_SWIFT_STANDARD_LIBRARIES = YES;
				ASSETCATALOG_COMPILER_APPICON_NAME = AppIcon;
				CODE_SIGN_ENTITLEMENTS = MeetInfomaniak/Resources/MeetInfomaniak.entitlements;
				CODE_SIGN_STYLE = Automatic;
				CURRENT_PROJECT_VERSION = 1;
				DEVELOPMENT_TEAM = 864VDCS2QY;
				ENABLE_BITCODE = NO;
				ENABLE_USER_SCRIPT_SANDBOXING = NO;
				FRAMEWORK_SEARCH_PATHS = "$(inherited)";
				INFOPLIST_FILE = MeetInfomaniak/Resources/Info.plist;
				INFOPLIST_KEY_LSApplicationCategoryType = "public.app-category.social-networking";
				IPHONEOS_DEPLOYMENT_TARGET = 15.6;
				LD_RUNPATH_SEARCH_PATHS = (
					"$(inherited)",
					"@executable_path/Frameworks",
				);
				MARKETING_VERSION = 2.9.0;
				PRODUCT_BUNDLE_IDENTIFIER = com.infomaniak.meet;
				PRODUCT_NAME = kMeet;
				SWIFT_VERSION = 5.0;
				TARGETED_DEVICE_FAMILY = "1,2";
			};
			name = Debug;
		};
		37FF736A2434850C003FC067 /* Release */ = {
			isa = XCBuildConfiguration;
			buildSettings = {
				ALWAYS_EMBED_SWIFT_STANDARD_LIBRARIES = YES;
				ASSETCATALOG_COMPILER_APPICON_NAME = AppIcon;
				CODE_SIGN_ENTITLEMENTS = MeetInfomaniak/Resources/MeetInfomaniak.entitlements;
				CODE_SIGN_STYLE = Automatic;
				CURRENT_PROJECT_VERSION = 1;
				DEVELOPMENT_TEAM = 864VDCS2QY;
				ENABLE_BITCODE = NO;
				ENABLE_USER_SCRIPT_SANDBOXING = NO;
				FRAMEWORK_SEARCH_PATHS = "$(inherited)";
				INFOPLIST_FILE = MeetInfomaniak/Resources/Info.plist;
				INFOPLIST_KEY_LSApplicationCategoryType = "public.app-category.social-networking";
				IPHONEOS_DEPLOYMENT_TARGET = 15.6;
				LD_RUNPATH_SEARCH_PATHS = (
					"$(inherited)",
					"@executable_path/Frameworks",
				);
				MARKETING_VERSION = 2.9.0;
				PRODUCT_BUNDLE_IDENTIFIER = com.infomaniak.meet;
				PRODUCT_NAME = kMeet;
				SWIFT_VERSION = 5.0;
				TARGETED_DEVICE_FAMILY = "1,2";
			};
			name = Release;
		};
/* End XCBuildConfiguration section */

/* Begin XCConfigurationList section */
		3783057D2C088CEA008D25E4 /* Build configuration list for PBXNativeTarget "MeetInfomaniakAppClip" */ = {
			isa = XCConfigurationList;
			buildConfigurations = (
				3783057E2C088CEA008D25E4 /* Debug */,
				3783057F2C088CEA008D25E4 /* Release */,
			);
			defaultConfigurationIsVisible = 0;
			defaultConfigurationName = Release;
		};
		37FF734F2434850A003FC067 /* Build configuration list for PBXProject "MeetInfomaniak" */ = {
			isa = XCConfigurationList;
			buildConfigurations = (
				37FF73662434850C003FC067 /* Debug */,
				37FF73672434850C003FC067 /* Release */,
			);
			defaultConfigurationIsVisible = 0;
			defaultConfigurationName = Release;
		};
		37FF73682434850C003FC067 /* Build configuration list for PBXNativeTarget "MeetInfomaniak" */ = {
			isa = XCConfigurationList;
			buildConfigurations = (
				37FF73692434850C003FC067 /* Debug */,
				37FF736A2434850C003FC067 /* Release */,
			);
			defaultConfigurationIsVisible = 0;
			defaultConfigurationName = Release;
		};
/* End XCConfigurationList section */

/* Begin XCRemoteSwiftPackageReference section */
		37A1F862304EEB6500E7FB3D /* XCRemoteSwiftPackageReference "jitsi-meet-ios-sdk-releases" */ = {
			isa = XCRemoteSwiftPackageReference;
			repositoryURL = "https://github.com/jitsi/jitsi-meet-ios-sdk-releases";
			requirement = {
				kind = upToNextMajorVersion;
				minimumVersion = "13.1.1-lite";
			};
		};
		37A1F868304EEB6E00E7FB3D /* XCRemoteSwiftPackageReference "giphy-ios-sdk" */ = {
			isa = XCRemoteSwiftPackageReference;
			repositoryURL = "https://github.com/Giphy/giphy-ios-sdk";
			requirement = {
				kind = exactVersion;
				version = 2.2.12;
			};
		};
/* End XCRemoteSwiftPackageReference section */

/* Begin XCSwiftPackageProductDependency section */
		37A1F863304EEB6500E7FB3D /* JitsiMeetSDK */ = {
			isa = XCSwiftPackageProductDependency;
			package = 37A1F862304EEB6500E7FB3D /* XCRemoteSwiftPackageReference "jitsi-meet-ios-sdk-releases" */;
			productName = JitsiMeetSDK;
		};
		37A1F866304EEB6E00E7FB3D /* JitsiMeetSDK */ = {
			isa = XCSwiftPackageProductDependency;
			package = 37A1F862304EEB6500E7FB3D /* XCRemoteSwiftPackageReference "jitsi-meet-ios-sdk-releases" */;
			productName = JitsiMeetSDK;
		};
/* End XCSwiftPackageProductDependency section */
	};
	rootObject = 37FF734C2434850A003FC067 /* Project object */;
}
